
Microsoft Visual Studio Solution File, Format Version 12.00
# Visual Studio Version 17
VisualStudioVersion = 17.3.32922.545
MinimumVisualStudioVersion = 10.0.40219.1
Project("{FAE04EC0-301F-11D3-BF4B-00C04F79EFBC}") = "HotelReservationManager", "HotelReservationManager\HotelReservationManager.csproj", "{55D524B1-464B-45C2-BC04-F928B26F2388}"
EndProject
Global
	GlobalSection(SolutionConfigurationPlatforms) = preSolution
		Debug|Any CPU = Debug|Any CPU
		Release|Any CPU = Release|Any CPU
	EndGlobalSection
	GlobalSection(ProjectConfigurationPlatforms) = postSolution
		{55D524B1-464B-45C2-BC04-F928B26F2388}.Debug|Any CPU.ActiveCfg = Debug|Any CPU
		{55D524B1-464B-45C2-BC04-F928B26F2388}.Debug|Any CPU.Build.0 = Debug|Any CPU
		{55D524B1-464B-45C2-BC04-F928B26F2388}.Release|Any CPU.ActiveCfg = Release|Any CPU
		{55D524B1-464B-45C2-BC04-F928B26F2388}.Release|Any CPU.Build.0 = Release|Any CPU
	EndGlobalSection
	GlobalSection(SolutionProperties) = preSolution
		HideSolutionNode = FALSE
	EndGlobalSection
	GlobalSection(ExtensibilityGlobals) = postSolution
		SolutionGuid = {BEB1B39C-F6D3-4280-B899-10E13CCB699C}
	EndGlobalSection
EndGlobal
